
Microsoft Visual Studio Solution File, Format Version 12.00
# Visual Studio Version 17
VisualStudioVersion = 17.4.33205.214
MinimumVisualStudioVersion = 10.0.40219.1
Project("{9A19103F-16F7-4668-BE54-9A1E7A4F7556}") = "ToDos.Api", "ToDos.Api\ToDos.Api.csproj", "{93FE36A3-BBD1-4C7A-8D76-7EC829FF38D8}"
EndProject
Project("{9A19103F-16F7-4668-BE54-9A1E7A4F7556}") = "ToDos.Domain", "ToDos.Domain\ToDos.Domain.csproj", "{8430F2F8-A74C-45D5-89DB-D084D06AB63F}"
EndProject
Project("{FAE04EC0-301F-11D3-BF4B-00C04F79EFBC}") = "ToDos.Infrastructure", "ToDos.Infrastructure\ToDos.Infrastructure.csproj", "{A9B8128C-BEC9-42E7-A9E5-B058AC18174D}"
EndProject
Global
	GlobalSection(SolutionConfigurationPlatforms) = preSolution
		Debug|Any CPU = Debug|Any CPU
		Release|Any CPU = Release|Any CPU
	EndGlobalSection
	GlobalSection(ProjectConfigurationPlatforms) = postSolution
		{93FE36A3-BBD1-4C7A-8D76-7EC829FF38D8}.Debug|Any CPU.ActiveCfg = Debug|Any CPU
		{93FE36A3-BBD1-4C7A-8D76-7EC829FF38D8}.Debug|Any CPU.Build.0 = Debug|Any CPU
		{93FE36A3-BBD1-4C7A-8D76-7EC829FF38D8}.Release|Any CPU.ActiveCfg = Release|Any CPU
		{93FE36A3-BBD1-4C7A-8D76-7EC829FF38D8}.Release|Any CPU.Build.0 = Release|Any CPU
		{8430F2F8-A74C-45D5-89DB-D084D06AB63F}.Debug|Any CPU.ActiveCfg = Debug|Any CPU
		{8430F2F8-A74C-45D5-89DB-D084D06AB63F}.Debug|Any CPU.Build.0 = Debug|Any CPU
		{8430F2F8-A74C-45D5-89DB-D084D06AB63F}.Release|Any CPU.ActiveCfg = Release|Any CPU
		{8430F2F8-A74C-45D5-89DB-D084D06AB63F}.Release|Any CPU.Build.0 = Release|Any CPU
		{A9B8128C-BEC9-42E7-A9E5-B058AC18174D}.Debug|Any CPU.ActiveCfg = Debug|Any CPU
		{A9B8128C-BEC9-42E7-A9E5-B058AC18174D}.Debug|Any CPU.Build.0 = Debug|Any CPU
		{A9B8128C-BEC9-42E7-A9E5-B058AC18174D}.Release|Any CPU.ActiveCfg = Release|Any CPU
		{A9B8128C-BEC9-42E7-A9E5-B058AC18174D}.Release|Any CPU.Build.0 = Release|Any CPU
	EndGlobalSection
	GlobalSection(SolutionProperties) = preSolution
		HideSolutionNode = FALSE
	EndGlobalSection
	GlobalSection(ExtensibilityGlobals) = postSolution
		SolutionGuid = {4A1551FD-D8EC-4FAA-AD95-0EDA1BED330F}
	EndGlobalSection
EndGlobal
